// !$*UTF8*$!
{
	archiveVersion = 1;
	classes = {
	};
	objectVersion = 55;
	objects = {

/* Begin PBXBuildFile section */
		0122A0F72850080D0058D972 /* termApp.swift in Sources */ = {isa = PBXBuildFile; fileRef = 0122A0F62850080D0058D972 /* termApp.swift */; };
		0122A0F92850080D0058D972 /* ContentView.swift in Sources */ = {isa = PBXBuildFile; fileRef = 0122A0F82850080D0058D972 /* ContentView.swift */; };
		0122A0FB285008110058D972 /* Assets.xcassets in Resources */ = {isa = PBXBuildFile; fileRef = 0122A0FA285008110058D972 /* Assets.xcassets */; };
		0122A0FE285008110058D972 /* Preview Assets.xcassets in Resources */ = {isa = PBXBuildFile; fileRef = 0122A0FD285008110058D972 /* Preview Assets.xcassets */; };
		0122A105285008300058D972 /* tty.swift in Sources */ = {isa = PBXBuildFile; fileRef = 0122A104285008300058D972 /* tty.swift */; };
		01235924285062370041FF0C /* Buffer.swift in Sources */ = {isa = PBXBuildFile; fileRef = 01235923285062370041FF0C /* Buffer.swift */; };
		0144998B2850139A00719F59 /* parser.swift in Sources */ = {isa = PBXBuildFile; fileRef = 0144998A2850139A00719F59 /* parser.swift */; };
		0144998D285036A800719F59 /* Terminal.swift in Sources */ = {isa = PBXBuildFile; fileRef = 0144998C285036A800719F59 /* Terminal.swift */; };
		015D6C2528602C7300DA1E6C /* csi.swift in Sources */ = {isa = PBXBuildFile; fileRef = 015D6C2428602C7300DA1E6C /* csi.swift */; };
/* End PBXBuildFile section */

/* Begin PBXFileReference section */
		0122A0F32850080D0058D972 /* term.app */ = {isa = PBXFileReference; explicitFileType = wrapper.application; includeInIndex = 0; path = term.app; sourceTree = BUILT_PRODUCTS_DIR; };
		0122A0F62850080D0058D972 /* termApp.swift */ = {isa = PBXFileReference; lastKnownFileType = sourcecode.swift; path = termApp.swift; sourceTree = "<group>"; };
		0122A0F82850080D0058D972 /* ContentView.swift */ = {isa = PBXFileReference; lastKnownFileType = sourcecode.swift; path = ContentView.swift; sourceTree = "<group>"; };
		0122A0FA285008110058D972 /* Assets.xcassets */ = {isa = PBXFileReference; lastKnownFileType = folder.assetcatalog; path = Assets.xcassets; sourceTree = "<group>"; };
		0122A0FD285008110058D972 /* Preview Assets.xcassets */ = {isa = PBXFileReference; lastKnownFileType = folder.assetcatalog; path = "Preview Assets.xcassets"; sourceTree = "<group>"; };
		0122A104285008300058D972 /* tty.swift */ = {isa = PBXFileReference; lastKnownFileType = sourcecode.swift; path = tty.swift; sourceTree = "<group>"; };
		01235923285062370041FF0C /* Buffer.swift */ = {isa = PBXFileReference; lastKnownFileType = sourcecode.swift; path = Buffer.swift; sourceTree = "<group>"; };
		0144998A2850139A00719F59 /* parser.swift */ = {isa = PBXFileReference; lastKnownFileType = sourcecode.swift; path = parser.swift; sourceTree = "<group>"; };
		0144998C285036A800719F59 /* Terminal.swift */ = {isa = PBXFileReference; lastKnownFileType = sourcecode.swift; path = Terminal.swift; sourceTree = "<group>"; };
		015D6C2428602C7300DA1E6C /* csi.swift */ = {isa = PBXFileReference; lastKnownFileType = sourcecode.swift; path = csi.swift; sourceTree = "<group>"; };
/* End PBXFileReference section */

/* Begin PBXFrameworksBuildPhase section */
		0122A0F02850080D0058D972 /* Frameworks */ = {
			isa = PBXFrameworksBuildPhase;
			buildActionMask = 2147483647;
			files = (
			);
			runOnlyForDeploymentPostprocessing = 0;
		};
/* End PBXFrameworksBuildPhase section */

/* Begin PBXGroup section */
		0122A0EA2850080D0058D972 = {
			isa = PBXGroup;
			children = (
				0122A0F52850080D0058D972 /* term */,
				0122A0F42850080D0058D972 /* Products */,
			);
			sourceTree = "<group>";
		};
		0122A0F42850080D0058D972 /* Products */ = {
			isa = PBXGroup;
			children = (
				0122A0F32850080D0058D972 /* term.app */,
			);
			name = Products;
			sourceTree = "<group>";
		};
		0122A0F52850080D0058D972 /* term */ = {
			isa = PBXGroup;
			children = (
				01235923285062370041FF0C /* Buffer.swift */,
				0122A0F62850080D0058D972 /* termApp.swift */,
				0122A0F82850080D0058D972 /* ContentView.swift */,
				0122A0FA285008110058D972 /* Assets.xcassets */,
				0122A0FC285008110058D972 /* Preview Content */,
				0122A104285008300058D972 /* tty.swift */,
				0144998A2850139A00719F59 /* parser.swift */,
				0144998C285036A800719F59 /* Terminal.swift */,
				015D6C2428602C7300DA1E6C /* csi.swift */,
			);
			path = term;
			sourceTree = "<group>";
		};
		0122A0FC285008110058D972 /* Preview Content */ = {
			isa = PBXGroup;
			children = (
				0122A0FD285008110058D972 /* Preview Assets.xcassets */,
			);
			path = "Preview Content";
			sourceTree = "<group>";
		};
/* End PBXGroup section */

/* Begin PBXNativeTarget section */
		0122A0F22850080D0058D972 /* term */ = {
			isa = PBXNativeTarget;
			buildConfigurationList = 0122A101285008110058D972 /* Build configuration list for PBXNativeTarget "term" */;
			buildPhases = (
				0122A0EF2850080D0058D972 /* Sources */,
				0122A0F02850080D0058D972 /* Frameworks */,
				0122A0F12850080D0058D972 /* Resources */,
			);
			buildRules = (
			);
			dependencies = (
			);
			name = term;
			productName = term;
			productReference = 0122A0F32850080D0058D972 /* term.app */;
			productType = "com.apple.product-type.application";
		};
/* End PBXNativeTarget section */

/* Begin PBXProject section */
		0122A0EB2850080D0058D972 /* Project object */ = {
			isa = PBXProject;
			attributes = {
				BuildIndependentTargetsInParallel = 1;
				LastSwiftUpdateCheck = 1340;
				LastUpgradeCheck = 1340;
				TargetAttributes = {
					0122A0F22850080D0058D972 = {
						CreatedOnToolsVersion = 13.4.1;
					};
				};
			};
			buildConfigurationList = 0122A0EE2850080D0058D972 /* Build configuration list for PBXProject "term" */;
			compatibilityVersion = "Xcode 13.0";
			developmentRegion = en;
			hasScannedForEncodings = 0;
			knownRegions = (
				en,
				Base,
			);
			mainGroup = 0122A0EA2850080D0058D972;
			productRefGroup = 0122A0F42850080D0058D972 /* Products */;
			projectDirPath = "";
			projectRoot = "";
			targets = (
				0122A0F22850080D0058D972 /* term */,
			);
		};
/* End PBXProject section */

/* Begin PBXResourcesBuildPhase section */
		0122A0F12850080D0058D972 /* Resources */ = {
			isa = PBXResourcesBuildPhase;
			buildActionMask = 2147483647;
			files = (
				0122A0FE285008110058D972 /* Preview Assets.xcassets in Resources */,
				0122A0FB285008110058D972 /* Assets.xcassets in Resources */,
			);
			runOnlyForDeploymentPostprocessing = 0;
		};
/* End PBXResourcesBuildPhase section */

/* Begin PBXSourcesBuildPhase section */
		0122A0EF2850080D0058D972 /* Sources */ = {
			isa = PBXSourcesBuildPhase;
			buildActionMask = 2147483647;
			files = (
				0144998B2850139A00719F59 /* parser.swift in Sources */,
				0144998D285036A800719F59 /* Terminal.swift in Sources */,
				0122A0F92850080D0058D972 /* ContentView.swift in Sources */,
				0122A0F72850080D0058D972 /* termApp.swift in Sources */,
				0122A105285008300058D972 /* tty.swift in Sources */,
				01235924285062370041FF0C /* Buffer.swift in Sources */,
				015D6C2528602C7300DA1E6C /* csi.swift in Sources */,
			);
			runOnlyForDeploymentPostprocessing = 0;
		};
/* End PBXSourcesBuildPhase section */

/* Begin XCBuildConfiguration section */
		0122A0FF285008110058D972 /* Debug */ = {
			isa = XCBuildConfiguration;
			buildSettings = {
				ALWAYS_SEARCH_USER_PATHS = NO;
				CLANG_ANALYZER_NONNULL = YES;
				CLANG_ANALYZER_NUMBER_OBJECT_CONVERSION = YES_AGGRESSIVE;
				CLANG_CXX_LANGUAGE_STANDARD = "gnu++17";
				CLANG_ENABLE_MODULES = YES;
				CLANG_ENABLE_OBJC_ARC = YES;
				CLANG_ENABLE_OBJC_WEAK = YES;
				CLANG_WARN_BLOCK_CAPTURE_AUTORELEASING = YES;
				CLANG_WARN_BOOL_CONVERSION = YES;
				CLANG_WARN_COMMA = YES;
				CLANG_WARN_CONSTANT_CONVERSION = YES;
				CLANG_WARN_DEPRECATED_OBJC_IMPLEMENTATIONS = YES;
				CLANG_WARN_DIRECT_OBJC_ISA_USAGE = YES_ERROR;
				CLANG_WARN_DOCUMENTATION_COMMENTS = YES;
				CLANG_WARN_EMPTY_BODY = YES;
				CLANG_WARN_ENUM_CONVERSION = YES;
				CLANG_WARN_INFINITE_RECURSION = YES;
				CLANG_WARN_INT_CONVERSION = YES;
				CLANG_WARN_NON_LITERAL_NULL_CONVERSION = YES;
				CLANG_WARN_OBJC_IMPLICIT_RETAIN_SELF = YES;
				CLANG_WARN_OBJC_LITERAL_CONVERSION = YES;
				CLANG_WARN_OBJC_ROOT_CLASS = YES_ERROR;
				CLANG_WARN_QUOTED_INCLUDE_IN_FRAMEWORK_HEADER = YES;
				CLANG_WARN_RANGE_LOOP_ANALYSIS = YES;
				CLANG_WARN_STRICT_PROTOTYPES = YES;
				CLANG_WARN_SUSPICIOUS_MOVE = YES;
				CLANG_WARN_UNGUARDED_AVAILABILITY = YES_AGGRESSIVE;
				CLANG_WARN_UNREACHABLE_CODE = YES;
				CLANG_WARN__DUPLICATE_METHOD_MATCH = YES;
				COPY_PHASE_STRIP = NO;
				DEBUG_INFORMATION_FORMAT = dwarf;
				ENABLE_STRICT_OBJC_MSGSEND = YES;
				ENABLE_TESTABILITY = YES;
				GCC_C_LANGUAGE_STANDARD = gnu11;
				GCC_DYNAMIC_NO_PIC = NO;
				GCC_NO_COMMON_BLOCKS = YES;
				GCC_OPTIMIZATION_LEVEL = 0;
				GCC_PREPROCESSOR_DEFINITIONS = (
					"DEBUG=1",
					"$(inherited)",
				);
				GCC_WARN_64_TO_32_BIT_CONVERSION = YES;
				GCC_WARN_ABOUT_RETURN_TYPE = YES_ERROR;
				GCC_WARN_UNDECLARED_SELECTOR = YES;
				GCC_WARN_UNINITIALIZED_AUTOS = YES_AGGRESSIVE;
				GCC_WARN_UNUSED_FUNCTION = YES;
				GCC_WARN_UNUSED_VARIABLE = YES;
				IPHONEOS_DEPLOYMENT_TARGET = 15.5;
				MACOSX_DEPLOYMENT_TARGET = 12.3;
				MTL_ENABLE_DEBUG_INFO = INCLUDE_SOURCE;
				MTL_FAST_MATH = YES;
				ONLY_ACTIVE_ARCH = YES;
				SDKROOT = macosx;
				SWIFT_ACTIVE_COMPILATION_CONDITIONS = DEBUG;
				SWIFT_OPTIMIZATION_LEVEL = "-Onone";
			};
			name = Debug;
		};
		0122A100285008110058D972 /* Release */ = {
			isa = XCBuildConfiguration;
			buildSettings = {
				ALWAYS_SEARCH_USER_PATHS = NO;
				CLANG_ANALYZER_NONNULL = YES;
				CLANG_ANALYZER_NUMBER_OBJECT_CONVERSION = YES_AGGRESSIVE;
				CLANG_CXX_LANGUAGE_STANDARD = "gnu++17";
				CLANG_ENABLE_MODULES = YES;
				CLANG_ENABLE_OBJC_ARC = YES;
				CLANG_ENABLE_OBJC_WEAK = YES;
				CLANG_WARN_BLOCK_CAPTURE_AUTORELEASING = YES;
				CLANG_WARN_BOOL_CONVERSION = YES;
				CLANG_WARN_COMMA = YES;
				CLANG_WARN_CONSTANT_CONVERSION = YES;
				CLANG_WARN_DEPRECATED_OBJC_IMPLEMENTATIONS = YES;
				CLANG_WARN_DIRECT_OBJC_ISA_USAGE = YES_ERROR;
				CLANG_WARN_DOCUMENTATION_COMMENTS = YES;
				CLANG_WARN_EMPTY_BODY = YES;
				CLANG_WARN_ENUM_CONVERSION = YES;
				CLANG_WARN_INFINITE_RECURSION = YES;
				CLANG_WARN_INT_CONVERSION = YES;
				CLANG_WARN_NON_LITERAL_NULL_CONVERSION = YES;
				CLANG_WARN_OBJC_IMPLICIT_RETAIN_SELF = YES;
				CLANG_WARN_OBJC_LITERAL_CONVERSION = YES;
				CLANG_WARN_OBJC_ROOT_CLASS = YES_ERROR;
				CLANG_WARN_QUOTED_INCLUDE_IN_FRAMEWORK_HEADER = YES;
				CLANG_WARN_RANGE_LOOP_ANALYSIS = YES;
				CLANG_WARN_STRICT_PROTOTYPES = YES;
				CLANG_WARN_SUSPICIOUS_MOVE = YES;
				CLANG_WARN_UNGUARDED_AVAILABILITY = YES_AGGRESSIVE;
				CLANG_WARN_UNREACHABLE_CODE = YES;
				CLANG_WARN__DUPLICATE_METHOD_MATCH = YES;
				COPY_PHASE_STRIP = NO;
				DEBUG_INFORMATION_FORMAT = "dwarf-with-dsym";
				ENABLE_NS_ASSERTIONS = NO;
				ENABLE_STRICT_OBJC_MSGSEND = YES;
				GCC_C_LANGUAGE_STANDARD = gnu11;
				GCC_NO_COMMON_BLOCKS = YES;
				GCC_WARN_64_TO_32_BIT_CONVERSION = YES;
				GCC_WARN_ABOUT_RETURN_TYPE = YES_ERROR;
				GCC_WARN_UNDECLARED_SELECTOR = YES;
				GCC_WARN_UNINITIALIZED_AUTOS = YES_AGGRESSIVE;
				GCC_WARN_UNUSED_FUNCTION = YES;
				GCC_WARN_UNUSED_VARIABLE = YES;
				IPHONEOS_DEPLOYMENT_TARGET = 15.5;
				MACOSX_DEPLOYMENT_TARGET = 12.3;
				MTL_ENABLE_DEBUG_INFO = NO;
				MTL_FAST_MATH = YES;
				SDKROOT = macosx;
				SWIFT_COMPILATION_MODE = wholemodule;
				SWIFT_OPTIMIZATION_LEVEL = "-O";
				VALIDATE_PRODUCT = YES;
			};
			name = Release;
		};
		0122A102285008110058D972 /* Debug */ = {
			isa = XCBuildConfiguration;
			buildSettings = {
				ASSETCATALOG_COMPILER_APPICON_NAME = AppIcon;
				ASSETCATALOG_COMPILER_GLOBAL_ACCENT_COLOR_NAME = AccentColor;
				CODE_SIGN_STYLE = Automatic;
				CURRENT_PROJECT_VERSION = 1;
				DEVELOPMENT_ASSET_PATHS = "\"term/Preview Content\"";
				ENABLE_PREVIEWS = YES;
				GENERATE_INFOPLIST_FILE = YES;
				INFOPLIST_KEY_UIApplicationSceneManifest_Generation = YES;
				INFOPLIST_KEY_UIApplicationSupportsIndirectInputEvents = YES;
				INFOPLIST_KEY_UILaunchScreen_Generation = YES;
				INFOPLIST_KEY_UISupportedInterfaceOrientations_iPad = "UIInterfaceOrientationPortrait UIInterfaceOrientationPortraitUpsideDown UIInterfaceOrientationLandscapeLeft UIInterfaceOrientationLandscapeRight";
				INFOPLIST_KEY_UISupportedInterfaceOrientations_iPhone = "UIInterfaceOrientationPortrait UIInterfaceOrientationLandscapeLeft UIInterfaceOrientationLandscapeRight";
				LD_RUNPATH_SEARCH_PATHS = (
					"$(inherited)",
					"@executable_path/Frameworks",
				);
				MARKETING_VERSION = 1.0;
				PRODUCT_BUNDLE_IDENTIFIER = mattnibs.io.term;
				PRODUCT_NAME = "$(TARGET_NAME)";
				SWIFT_EMIT_LOC_STRINGS = YES;
				SWIFT_VERSION = 5.0;
				TARGETED_DEVICE_FAMILY = 2;
			};
			name = Debug;
		};
		0122A103285008110058D972 /* Release */ = {
			isa = XCBuildConfiguration;
			buildSettings = {
				ASSETCATALOG_COMPILER_APPICON_NAME = AppIcon;
				ASSETCATALOG_COMPILER_GLOBAL_ACCENT_COLOR_NAME = AccentColor;
				CODE_SIGN_STYLE = Automatic;
				CURRENT_PROJECT_VERSION = 1;
				DEVELOPMENT_ASSET_PATHS = "\"term/Preview Content\"";
				ENABLE_PREVIEWS = YES;
				GENERATE_INFOPLIST_FILE = YES;
				INFOPLIST_KEY_UIApplicationSceneManifest_Generation = YES;
				INFOPLIST_KEY_UIApplicationSupportsIndirectInputEvents = YES;
				INFOPLIST_KEY_UILaunchScreen_Generation = YES;
				INFOPLIST_KEY_UISupportedInterfaceOrientations_iPad = "UIInterfaceOrientationPortrait UIInterfaceOrientationPortraitUpsideDown UIInterfaceOrientationLandscapeLeft UIInterfaceOrientationLandscapeRight";
				INFOPLIST_KEY_UISupportedInterfaceOrientations_iPhone = "UIInterfaceOrientationPortrait UIInterfaceOrientationLandscapeLeft UIInterfaceOrientationLandscapeRight";
				LD_RUNPATH_SEARCH_PATHS = (
					"$(inherited)",
					"@executable_path/Frameworks",
				);
				MARKETING_VERSION = 1.0;
				PRODUCT_BUNDLE_IDENTIFIER = mattnibs.io.term;
				PRODUCT_NAME = "$(TARGET_NAME)";
				SWIFT_EMIT_LOC_STRINGS = YES;
				SWIFT_VERSION = 5.0;
				TARGETED_DEVICE_FAMILY = 2;
			};
			name = Release;
		};
/* End XCBuildConfiguration section */

/* Begin XCConfigurationList section */
		0122A0EE2850080D0058D972 /* Build configuration list for PBXProject "term" */ = {
			isa = XCConfigurationList;
			buildConfigurations = (
				0122A0FF285008110058D972 /* Debug */,
				0122A100285008110058D972 /* Release */,
			);
			defaultConfigurationIsVisible = 0;
			defaultConfigurationName = Release;
		};
		0122A101285008110058D972 /* Build configuration list for PBXNativeTarget "term" */ = {
			isa = XCConfigurationList;
			buildConfigurations = (
				0122A102285008110058D972 /* Debug */,
				0122A103285008110058D972 /* Release */,
			);
			defaultConfigurationIsVisible = 0;
			defaultConfigurationName = Release;
		};
/* End XCConfigurationList section */
	};
	rootObject = 0122A0EB2850080D0058D972 /* Project object */;
}
